// !$*UTF8*$!
{
	archiveVersion = 1;
	classes = {
	};
	objectVersion = 55;
	objects = {

/* Begin PBXBuildFile section */
		8478531C28CE0FF6007B514C /* AppDelegate.swift in Sources */ = {isa = PBXBuildFile; fileRef = 8478531B28CE0FF6007B514C /* AppDelegate.swift */; };
		8478531E28CE0FF6007B514C /* SceneDelegate.swift in Sources */ = {isa = PBXBuildFile; fileRef = 8478531D28CE0FF6007B514C /* SceneDelegate.swift */; };
		8478532028CE0FF6007B514C /* ViewController.swift in Sources */ = {isa = PBXBuildFile; fileRef = 8478531F28CE0FF6007B514C /* ViewController.swift */; };
		8478532328CE0FF6007B514C /* Main.storyboard in Resources */ = {isa = PBXBuildFile; fileRef = 8478532128CE0FF6007B514C /* Main.storyboard */; };
		8478532528CE0FF8007B514C /* Assets.xcassets in Resources */ = {isa = PBXBuildFile; fileRef = 8478532428CE0FF8007B514C /* Assets.xcassets */; };
		8478532828CE0FF8007B514C /* LaunchScreen.storyboard in Resources */ = {isa = PBXBuildFile; fileRef = 8478532628CE0FF8007B514C /* LaunchScreen.storyboard */; };
		8478533028CE240D007B514C /* DeviceInput.swift in Sources */ = {isa = PBXBuildFile; fileRef = 8478532F28CE240D007B514C /* DeviceInput.swift */; };
		8478533228D34C3F007B514C /* VideoPicker.swift in Sources */ = {isa = PBXBuildFile; fileRef = 8478533128D34C3F007B514C /* VideoPicker.swift */; };
		8486FB0328EC75E100727B8D /* ServerResultViewController.swift in Sources */ = {isa = PBXBuildFile; fileRef = 8486FB0228EC75E100727B8D /* ServerResultViewController.swift */; };
		848BDCB729096DE900814FAC /* FileHandler.swift in Sources */ = {isa = PBXBuildFile; fileRef = 848BDCB629096DE900814FAC /* FileHandler.swift */; };
/* End PBXBuildFile section */

/* Begin PBXFileReference section */
		8478531828CE0FF5007B514C /* baseball_ai_analyst.app */ = {isa = PBXFileReference; explicitFileType = wrapper.application; includeInIndex = 0; path = baseball_ai_analyst.app; sourceTree = BUILT_PRODUCTS_DIR; };
		8478531B28CE0FF6007B514C /* AppDelegate.swift */ = {isa = PBXFileReference; lastKnownFileType = sourcecode.swift; path = AppDelegate.swift; sourceTree = "<group>"; };
		8478531D28CE0FF6007B514C /* SceneDelegate.swift */ = {isa = PBXFileReference; lastKnownFileType = sourcecode.swift; path = SceneDelegate.swift; sourceTree = "<group>"; };
		8478531F28CE0FF6007B514C /* ViewController.swift */ = {isa = PBXFileReference; lastKnownFileType = sourcecode.swift; path = ViewController.swift; sourceTree = "<group>"; };
		8478532228CE0FF6007B514C /* Base */ = {isa = PBXFileReference; lastKnownFileType = file.storyboard; name = Base; path = Base.lproj/Main.storyboard; sourceTree = "<group>"; };
		8478532428CE0FF8007B514C /* Assets.xcassets */ = {isa = PBXFileReference; lastKnownFileType = folder.assetcatalog; path = Assets.xcassets; sourceTree = "<group>"; };
		8478532728CE0FF8007B514C /* Base */ = {isa = PBXFileReference; lastKnownFileType = file.storyboard; name = Base; path = Base.lproj/LaunchScreen.storyboard; sourceTree = "<group>"; };
		8478532928CE0FF8007B514C /* Info.plist */ = {isa = PBXFileReference; lastKnownFileType = text.plist.xml; path = Info.plist; sourceTree = "<group>"; };
		8478532F28CE240D007B514C /* DeviceInput.swift */ = {isa = PBXFileReference; lastKnownFileType = sourcecode.swift; path = DeviceInput.swift; sourceTree = "<group>"; };
		8478533128D34C3F007B514C /* VideoPicker.swift */ = {isa = PBXFileReference; lastKnownFileType = sourcecode.swift; path = VideoPicker.swift; sourceTree = "<group>"; };
		8486FB0228EC75E100727B8D /* ServerResultViewController.swift */ = {isa = PBXFileReference; lastKnownFileType = sourcecode.swift; path = ServerResultViewController.swift; sourceTree = "<group>"; };
		848BDCB629096DE900814FAC /* FileHandler.swift */ = {isa = PBXFileReference; lastKnownFileType = sourcecode.swift; path = FileHandler.swift; sourceTree = "<group>"; };
/* End PBXFileReference section */

/* Begin PBXFrameworksBuildPhase section */
		8478531528CE0FF5007B514C /* Frameworks */ = {
			isa = PBXFrameworksBuildPhase;
			buildActionMask = 2147483647;
			files = (
			);
			runOnlyForDeploymentPostprocessing = 0;
		};
/* End PBXFrameworksBuildPhase section */

/* Begin PBXGroup section */
		8478530F28CE0FF5007B514C = {
			isa = PBXGroup;
			children = (
				8478531A28CE0FF6007B514C /* baseball_ai_analyst */,
				8478531928CE0FF5007B514C /* Products */,
			);
			sourceTree = "<group>";
		};
		8478531928CE0FF5007B514C /* Products */ = {
			isa = PBXGroup;
			children = (
				8478531828CE0FF5007B514C /* baseball_ai_analyst.app */,
			);
			name = Products;
			sourceTree = "<group>";
		};
		8478531A28CE0FF6007B514C /* baseball_ai_analyst */ = {
			isa = PBXGroup;
			children = (
				8478532928CE0FF8007B514C /* Info.plist */,
				8478531B28CE0FF6007B514C /* AppDelegate.swift */,
				8478532F28CE240D007B514C /* DeviceInput.swift */,
				8478531D28CE0FF6007B514C /* SceneDelegate.swift */,
				8478533128D34C3F007B514C /* VideoPicker.swift */,
				848BDCB629096DE900814FAC /* FileHandler.swift */,
				8478531F28CE0FF6007B514C /* ViewController.swift */,
				8478532428CE0FF8007B514C /* Assets.xcassets */,
				8478532628CE0FF8007B514C /* LaunchScreen.storyboard */,
				8478532128CE0FF6007B514C /* Main.storyboard */,
				8486FB0228EC75E100727B8D /* ServerResultViewController.swift */,
			);
			path = baseball_ai_analyst;
			sourceTree = "<group>";
		};
/* End PBXGroup section */

/* Begin PBXNativeTarget section */
		8478531728CE0FF5007B514C /* baseball_ai_analyst */ = {
			isa = PBXNativeTarget;
			buildConfigurationList = 8478532C28CE0FF8007B514C /* Build configuration list for PBXNativeTarget "baseball_ai_analyst" */;
			buildPhases = (
				8478531428CE0FF5007B514C /* Sources */,
				8478531528CE0FF5007B514C /* Frameworks */,
				8478531628CE0FF5007B514C /* Resources */,
			);
			buildRules = (
			);
			dependencies = (
			);
			name = baseball_ai_analyst;
			productName = baseball_ai_analyst;
			productReference = 8478531828CE0FF5007B514C /* baseball_ai_analyst.app */;
			productType = "com.apple.product-type.application";
		};
/* End PBXNativeTarget section */

/* Begin PBXProject section */
		8478531028CE0FF5007B514C /* Project object */ = {
			isa = PBXProject;
			attributes = {
				BuildIndependentTargetsInParallel = 1;
				LastSwiftUpdateCheck = 1340;
				LastUpgradeCheck = 1340;
				TargetAttributes = {
					8478531728CE0FF5007B514C = {
						CreatedOnToolsVersion = 13.4.1;
					};
				};
			};
			buildConfigurationList = 8478531328CE0FF5007B514C /* Build configuration list for PBXProject "baseball_ai_analyst_copy" */;
			compatibilityVersion = "Xcode 13.0";
			developmentRegion = en;
			hasScannedForEncodings = 0;
			knownRegions = (
				en,
				Base,
			);
			mainGroup = 8478530F28CE0FF5007B514C;
			productRefGroup = 8478531928CE0FF5007B514C /* Products */;
			projectDirPath = "";
			projectRoot = "";
			targets = (
				8478531728CE0FF5007B514C /* baseball_ai_analyst */,
			);
		};
/* End PBXProject section */

/* Begin PBXResourcesBuildPhase section */
		8478531628CE0FF5007B514C /* Resources */ = {
			isa = PBXResourcesBuildPhase;
			buildActionMask = 2147483647;
			files = (
				8478532828CE0FF8007B514C /* LaunchScreen.storyboard in Resources */,
				8478532528CE0FF8007B514C /* Assets.xcassets in Resources */,
				8478532328CE0FF6007B514C /* Main.storyboard in Resources */,
			);
			runOnlyForDeploymentPostprocessing = 0;
		};
/* End PBXResourcesBuildPhase section */

/* Begin PBXSourcesBuildPhase section */
		8478531428CE0FF5007B514C /* Sources */ = {
			isa = PBXSourcesBuildPhase;
			buildActionMask = 2147483647;
			files = (
				8486FB0328EC75E100727B8D /* ServerResultViewController.swift in Sources */,
				848BDCB729096DE900814FAC /* FileHandler.swift in Sources */,
				8478533028CE240D007B514C /* DeviceInput.swift in Sources */,
				8478532028CE0FF6007B514C /* ViewController.swift in Sources */,
				8478533228D34C3F007B514C /* VideoPicker.swift in Sources */,
				8478531C28CE0FF6007B514C /* AppDelegate.swift in Sources */,
				8478531E28CE0FF6007B514C /* SceneDelegate.swift in Sources */,
			);
			runOnlyForDeploymentPostprocessing = 0;
		};
/* End PBXSourcesBuildPhase section */

/* Begin PBXVariantGroup section */
		8478532128CE0FF6007B514C /* Main.storyboard */ = {
			isa = PBXVariantGroup;
			children = (
				8478532228CE0FF6007B514C /* Base */,
			);
			name = Main.storyboard;
			sourceTree = "<group>";
		};
		8478532628CE0FF8007B514C /* LaunchScreen.storyboard */ = {
			isa = PBXVariantGroup;
			children = (
				8478532728CE0FF8007B514C /* Base */,
			);
			name = LaunchScreen.storyboard;
			sourceTree = "<group>";
		};
/* End PBXVariantGroup section */

/* Begin XCBuildConfiguration section */
		8478532A28CE0FF8007B514C /* Debug */ = {
			isa = XCBuildConfiguration;
			buildSettings = {
				ALWAYS_SEARCH_USER_PATHS = NO;
				CLANG_ANALYZER_NONNULL = YES;
				CLANG_ANALYZER_NUMBER_OBJECT_CONVERSION = YES_AGGRESSIVE;
				CLANG_CXX_LANGUAGE_STANDARD = "gnu++17";
				CLANG_ENABLE_MODULES = YES;
				CLANG_ENABLE_OBJC_ARC = YES;
				CLANG_ENABLE_OBJC_WEAK = YES;
				CLANG_WARN_BLOCK_CAPTURE_AUTORELEASING = YES;
				CLANG_WARN_BOOL_CONVERSION = YES;
				CLANG_WARN_COMMA = YES;
				CLANG_WARN_CONSTANT_CONVERSION = YES;
				CLANG_WARN_DEPRECATED_OBJC_IMPLEMENTATIONS = YES;
				CLANG_WARN_DIRECT_OBJC_ISA_USAGE = YES_ERROR;
				CLANG_WARN_DOCUMENTATION_COMMENTS = YES;
				CLANG_WARN_EMPTY_BODY = YES;
				CLANG_WARN_ENUM_CONVERSION = YES;
				CLANG_WARN_INFINITE_RECURSION = YES;
				CLANG_WARN_INT_CONVERSION = YES;
				CLANG_WARN_NON_LITERAL_NULL_CONVERSION = YES;
				CLANG_WARN_OBJC_IMPLICIT_RETAIN_SELF = YES;
				CLANG_WARN_OBJC_LITERAL_CONVERSION = YES;
				CLANG_WARN_OBJC_ROOT_CLASS = YES_ERROR;
				CLANG_WARN_QUOTED_INCLUDE_IN_FRAMEWORK_HEADER = YES;
				CLANG_WARN_RANGE_LOOP_ANALYSIS = YES;
				CLANG_WARN_STRICT_PROTOTYPES = YES;
				CLANG_WARN_SUSPICIOUS_MOVE = YES;
				CLANG_WARN_UNGUARDED_AVAILABILITY = YES_AGGRESSIVE;
				CLANG_WARN_UNREACHABLE_CODE = YES;
				CLANG_WARN__DUPLICATE_METHOD_MATCH = YES;
				COPY_PHASE_STRIP = NO;
				DEBUG_INFORMATION_FORMAT = dwarf;
				ENABLE_STRICT_OBJC_MSGSEND = YES;
				ENABLE_TESTABILITY = YES;
				GCC_C_LANGUAGE_STANDARD = gnu11;
				GCC_DYNAMIC_NO_PIC = NO;
				GCC_NO_COMMON_BLOCKS = YES;
				GCC_OPTIMIZATION_LEVEL = 0;
				GCC_PREPROCESSOR_DEFINITIONS = (
					"DEBUG=1",
					"$(inherited)",
				);
				GCC_WARN_64_TO_32_BIT_CONVERSION = YES;
				GCC_WARN_ABOUT_RETURN_TYPE = YES_ERROR;
				GCC_WARN_UNDECLARED_SELECTOR = YES;
				GCC_WARN_UNINITIALIZED_AUTOS = YES_AGGRESSIVE;
				GCC_WARN_UNUSED_FUNCTION = YES;
				GCC_WARN_UNUSED_VARIABLE = YES;
				IPHONEOS_DEPLOYMENT_TARGET = 15.5;
				MTL_ENABLE_DEBUG_INFO = INCLUDE_SOURCE;
				MTL_FAST_MATH = YES;
				ONLY_ACTIVE_ARCH = YES;
				SDKROOT = iphoneos;
				SWIFT_ACTIVE_COMPILATION_CONDITIONS = DEBUG;
				SWIFT_OPTIMIZATION_LEVEL = "-Onone";
			};
			name = Debug;
		};
		8478532B28CE0FF8007B514C /* Release */ = {
			isa = XCBuildConfiguration;
			buildSettings = {
				ALWAYS_SEARCH_USER_PATHS = NO;
				CLANG_ANALYZER_NONNULL = YES;
				CLANG_ANALYZER_NUMBER_OBJECT_CONVERSION = YES_AGGRESSIVE;
				CLANG_CXX_LANGUAGE_STANDARD = "gnu++17";
				CLANG_ENABLE_MODULES = YES;
				CLANG_ENABLE_OBJC_ARC = YES;
				CLANG_ENABLE_OBJC_WEAK = YES;
				CLANG_WARN_BLOCK_CAPTURE_AUTORELEASING = YES;
				CLANG_WARN_BOOL_CONVERSION = YES;
				CLANG_WARN_COMMA = YES;
				CLANG_WARN_CONSTANT_CONVERSION = YES;
				CLANG_WARN_DEPRECATED_OBJC_IMPLEMENTATIONS = YES;
				CLANG_WARN_DIRECT_OBJC_ISA_USAGE = YES_ERROR;
				CLANG_WARN_DOCUMENTATION_COMMENTS = YES;
				CLANG_WARN_EMPTY_BODY = YES;
				CLANG_WARN_ENUM_CONVERSION = YES;
				CLANG_WARN_INFINITE_RECURSION = YES;
				CLANG_WARN_INT_CONVERSION = YES;
				CLANG_WARN_NON_LITERAL_NULL_CONVERSION = YES;
				CLANG_WARN_OBJC_IMPLICIT_RETAIN_SELF = YES;
				CLANG_WARN_OBJC_LITERAL_CONVERSION = YES;
				CLANG_WARN_OBJC_ROOT_CLASS = YES_ERROR;
				CLANG_WARN_QUOTED_INCLUDE_IN_FRAMEWORK_HEADER = YES;
				CLANG_WARN_RANGE_LOOP_ANALYSIS = YES;
				CLANG_WARN_STRICT_PROTOTYPES = YES;
				CLANG_WARN_SUSPICIOUS_MOVE = YES;
				CLANG_WARN_UNGUARDED_AVAILABILITY = YES_AGGRESSIVE;
				CLANG_WARN_UNREACHABLE_CODE = YES;
				CLANG_WARN__DUPLICATE_METHOD_MATCH = YES;
				COPY_PHASE_STRIP = NO;
				DEBUG_INFORMATION_FORMAT = "dwarf-with-dsym";
				ENABLE_NS_ASSERTIONS = NO;
				ENABLE_STRICT_OBJC_MSGSEND = YES;
				GCC_C_LANGUAGE_STANDARD = gnu11;
				GCC_NO_COMMON_BLOCKS = YES;
				GCC_WARN_64_TO_32_BIT_CONVERSION = YES;
				GCC_WARN_ABOUT_RETURN_TYPE = YES_ERROR;
				GCC_WARN_UNDECLARED_SELECTOR = YES;
				GCC_WARN_UNINITIALIZED_AUTOS = YES_AGGRESSIVE;
				GCC_WARN_UNUSED_FUNCTION = YES;
				GCC_WARN_UNUSED_VARIABLE = YES;
				IPHONEOS_DEPLOYMENT_TARGET = 15.5;
				MTL_ENABLE_DEBUG_INFO = NO;
				MTL_FAST_MATH = YES;
				SDKROOT = iphoneos;
				SWIFT_COMPILATION_MODE = wholemodule;
				SWIFT_OPTIMIZATION_LEVEL = "-O";
				VALIDATE_PRODUCT = YES;
			};
			name = Release;
		};
		8478532D28CE0FF8007B514C /* Debug */ = {
			isa = XCBuildConfiguration;
			buildSettings = {
				ASSETCATALOG_COMPILER_APPICON_NAME = AppIcon;
				ASSETCATALOG_COMPILER_GLOBAL_ACCENT_COLOR_NAME = AccentColor;
				CODE_SIGN_STYLE = Automatic;
				CURRENT_PROJECT_VERSION = 1;
				DEVELOPMENT_TEAM = ZJU24WNBCN;
				GENERATE_INFOPLIST_FILE = YES;
				INFOPLIST_FILE = baseball_ai_analyst/Info.plist;
				INFOPLIST_KEY_NSCameraUsageDescription = "";
				INFOPLIST_KEY_NSLocationAlwaysUsageDescription = "";
				INFOPLIST_KEY_NSMicrophoneUsageDescription = "";
				INFOPLIST_KEY_NSPhotoLibraryAddUsageDescription = "";
				INFOPLIST_KEY_NSPhotoLibraryUsageDescription = "";
				INFOPLIST_KEY_UIApplicationSupportsIndirectInputEvents = YES;
				INFOPLIST_KEY_UILaunchStoryboardName = LaunchScreen;
				INFOPLIST_KEY_UIMainStoryboardFile = Main;
				INFOPLIST_KEY_UISupportedInterfaceOrientations = UIInterfaceOrientationPortrait;
				IPHONEOS_DEPLOYMENT_TARGET = 14.6;
				LD_RUNPATH_SEARCH_PATHS = (
					"$(inherited)",
					"@executable_path/Frameworks",
				);
				MARKETING_VERSION = 1.0;
				PRODUCT_BUNDLE_IDENTIFIER = "fcu.baseball.baseball-ai-analyst";
				PRODUCT_NAME = "$(TARGET_NAME)";
				SWIFT_EMIT_LOC_STRINGS = YES;
				SWIFT_VERSION = 5.0;
				TARGETED_DEVICE_FAMILY = "1,2";
			};
			name = Debug;
		};
		8478532E28CE0FF8007B514C /* Release */ = {
			isa = XCBuildConfiguration;
			buildSettings = {
				ASSETCATALOG_COMPILER_APPICON_NAME = AppIcon;
				ASSETCATALOG_COMPILER_GLOBAL_ACCENT_COLOR_NAME = AccentColor;
				CODE_SIGN_IDENTITY = "Apple Development";
				CODE_SIGN_STYLE = Automatic;
				CURRENT_PROJECT_VERSION = 1;
				DEVELOPMENT_TEAM = 5486J6GN25;
				GENERATE_INFOPLIST_FILE = YES;
				INFOPLIST_FILE = baseball_ai_analyst/Info.plist;
				INFOPLIST_KEY_NSCameraUsageDescription = "";
				INFOPLIST_KEY_NSLocationAlwaysUsageDescription = "";
				INFOPLIST_KEY_NSMicrophoneUsageDescription = "";
				INFOPLIST_KEY_NSPhotoLibraryAddUsageDescription = "";
				INFOPLIST_KEY_NSPhotoLibraryUsageDescription = "";
				INFOPLIST_KEY_UIApplicationSupportsIndirectInputEvents = YES;
				INFOPLIST_KEY_UILaunchStoryboardName = LaunchScreen;
				INFOPLIST_KEY_UIMainStoryboardFile = Main;
				INFOPLIST_KEY_UISupportedInterfaceOrientations = UIInterfaceOrientationPortrait;
				IPHONEOS_DEPLOYMENT_TARGET = 14.6;
				LD_RUNPATH_SEARCH_PATHS = (
					"$(inherited)",
					"@executable_path/Frameworks",
				);
				MARKETING_VERSION = 1.0;
				PRODUCT_BUNDLE_IDENTIFIER = "com.example.baseball-ai-analyst";
				PRODUCT_NAME = "$(TARGET_NAME)";
				PROVISIONING_PROFILE_SPECIFIER = "";
				SWIFT_EMIT_LOC_STRINGS = YES;
				SWIFT_VERSION = 5.0;
				TARGETED_DEVICE_FAMILY = "1,2";
			};
			name = Release;
		};
/* End XCBuildConfiguration section */

/* Begin XCConfigurationList section */
		8478531328CE0FF5007B514C /* Build configuration list for PBXProject "baseball_ai_analyst_copy" */ = {
			isa = XCConfigurationList;
			buildConfigurations = (
				8478532A28CE0FF8007B514C /* Debug */,
				8478532B28CE0FF8007B514C /* Release */,
			);
			defaultConfigurationIsVisible = 0;
			defaultConfigurationName = Release;
		};
		8478532C28CE0FF8007B514C /* Build configuration list for PBXNativeTarget "baseball_ai_analyst" */ = {
			isa = XCConfigurationList;
			buildConfigurations = (
				8478532D28CE0FF8007B514C /* Debug */,
				8478532E28CE0FF8007B514C /* Release */,
			);
			defaultConfigurationIsVisible = 0;
			defaultConfigurationName = Release;
		};
/* End XCConfigurationList section */
	};
	rootObject = 8478531028CE0FF5007B514C /* Project object */;
}
